github.com/HugoSmits86/nativewebp v1.2.1 h1:dJbfulw6WRf6rTcth6TwgEVwlBeP3vdZIJUIoySmeHQ=
github.com/HugoSmits86/nativewebp v1.2.1/go.mod h1:YNQuWenlVmSUUASVNhTDwf4d7FwYQGbGhklC8p72Vr8=
github.com/dolmen-go/kittyimg v0.0.0-20250610224728-874967bd8ea4 h1:KGRb+vxMx5pGsfDjDSW2Th+b2OEflb0yC3s0daCmiYU=
github.com/dolmen-go/kittyimg v0.0.0-20250610224728-874967bd8ea4/go.mod h1:2vk7ATPVcI7uW4Sh6PrSQvtO+Czmq8509xcg/y8Osd0=
golang.org/x/image v0.36.0 h1:Iknbfm1afbgtwPTmHnS2gTM/6PPZfH+z2EFuOkSbqwc=
golang.org/x/image v0.36.0/go.mod h1:YsWD2TyyGKiIX1kZlu9QfKIsQ4nAAK9bdgdrIsE7xy4=
golang.org/x/sys v0.30.0 h1:QjkSwP/36a20jFYWkSue1YwXzLmsV5Gfq7Eiy72C1uc=
golang.org/x/sys v0.30.0/go.mod h1:/VUhepiaJMQUp4+oa/7Zr1D23ma6VTLIYjOOTFZPUcA=
golang.org/x/term v0.29.0 h1:L6pJp37ocefwRRtYPKSWOWzOtWSxVajvz2ldH/xi3iU=
golang.org/x/term v0.29.0/go.mod h1:6bl4lRlvVuDgSf3179VpIxBF0o10JUpXWOnI7nErv7s=
golang.org/x/text v0.34.0 h1:oL/Qq0Kdaqxa1KbNeMKwQq0reLCCaFtqu2eNuSeNHbk=
golang.org/x/text v0.34.0/go.mod h1:homfLqTYRFyVYemLBFl5GgL/DWEiH5wcsQ5gSh1yziA=
